
Microsoft Visual Studio Solution File, Format Version 12.00
# Visual Studio 2013
VisualStudioVersion = 12.0.30501.0
MinimumVisualStudioVersion = 10.0.40219.1
Project("{FAE04EC0-301F-11D3-BF4B-00C04F79EFBC}") = "Server", "Server\Server.csproj", "{787877B9-EF25-4F91-866A-C40A03E7754C}"
EndProject
Global
	GlobalSection(SolutionConfigurationPlatforms) = preSolution
		Debug|Any CPU = Debug|Any CPU
		Release|Any CPU = Release|Any CPU
	EndGlobalSection
	GlobalSection(ProjectConfigurationPlatforms) = postSolution
		{787877B9-EF25-4F91-866A-C40A03E7754C}.Debug|Any CPU.ActiveCfg = Debug|Any CPU
		{787877B9-EF25-4F91-866A-C40A03E7754C}.Debug|Any CPU.Build.0 = Debug|Any CPU
		{787877B9-EF25-4F91-866A-C40A03E7754C}.Release|Any CPU.ActiveCfg = Release|Any CPU
		{787877B9-EF25-4F91-866A-C40A03E7754C}.Release|Any CPU.Build.0 = Release|Any CPU
	EndGlobalSection
	GlobalSection(SolutionProperties) = preSolution
		HideSolutionNode = FALSE
	EndGlobalSection
EndGlobal
